// !$*UTF8*$!
{
	archiveVersion = 1;
	classes = {
	};
	objectVersion = 46;
	objects = {

/* Begin PBXBuildFile section */
		194CC94C1B18E82600FFBE80 /* main.m in Sources */ = {isa = PBXBuildFile; fileRef = 194CC94B1B18E82600FFBE80 /* main.m */; };
		194CC94F1B18E82600FFBE80 /* AppDelegate.m in Sources */ = {isa = PBXBuildFile; fileRef = 194CC94E1B18E82600FFBE80 /* AppDelegate.m */; };
		194CC9521B18E82600FFBE80 /* ImageSender.xcdatamodeld in Sources */ = {isa = PBXBuildFile; fileRef = 194CC9501B18E82600FFBE80 /* ImageSender.xcdatamodeld */; };
		194CC9551B18E82600FFBE80 /* ASLoadingScreenViewController.m in Sources */ = {isa = PBXBuildFile; fileRef = 194CC9541B18E82600FFBE80 /* ASLoadingScreenViewController.m */; };
		194CC9581B18E82600FFBE80 /* Main.storyboard in Resources */ = {isa = PBXBuildFile; fileRef = 194CC9561B18E82600FFBE80 /* Main.storyboard */; };
		194CC95A1B18E82600FFBE80 /* Images.xcassets in Resources */ = {isa = PBXBuildFile; fileRef = 194CC9591B18E82600FFBE80 /* Images.xcassets */; };
		194CC95D1B18E82600FFBE80 /* LaunchScreen.xib in Resources */ = {isa = PBXBuildFile; fileRef = 194CC95B1B18E82600FFBE80 /* LaunchScreen.xib */; };
		194CC9691B18E82600FFBE80 /* ImageSenderTests.m in Sources */ = {isa = PBXBuildFile; fileRef = 194CC9681B18E82600FFBE80 /* ImageSenderTests.m */; };
		195A6CF31B19710300D0254F /* ASDraftsAndMesagesViewController.m in Sources */ = {isa = PBXBuildFile; fileRef = 195A6CF21B19710300D0254F /* ASDraftsAndMesagesViewController.m */; };
		195A6CF61B1971C800D0254F /* ASShareViewController.m in Sources */ = {isa = PBXBuildFile; fileRef = 195A6CF51B1971C800D0254F /* ASShareViewController.m */; };
		195A6CF91B1973B300D0254F /* ASMessageInfoCell.m in Sources */ = {isa = PBXBuildFile; fileRef = 195A6CF81B1973B300D0254F /* ASMessageInfoCell.m */; };
		195A6CFD1B19A49400D0254F /* ASMessage.m in Sources */ = {isa = PBXBuildFile; fileRef = 195A6CFC1B19A49400D0254F /* ASMessage.m */; };
/* End PBXBuildFile section */

/* Begin PBXContainerItemProxy section */
		194CC9631B18E82600FFBE80 /* PBXContainerItemProxy */ = {
			isa = PBXContainerItemProxy;
			containerPortal = 194CC93E1B18E82600FFBE80 /* Project object */;
			proxyType = 1;
			remoteGlobalIDString = 194CC9451B18E82600FFBE80;
			remoteInfo = ImageSender;
		};
/* End PBXContainerItemProxy section */

/* Begin PBXFileReference section */
		194CC9461B18E82600FFBE80 /* ImageSender.app */ = {isa = PBXFileReference; explicitFileType = wrapper.application; includeInIndex = 0; path = ImageSender.app; sourceTree = BUILT_PRODUCTS_DIR; };
		194CC94A1B18E82600FFBE80 /* Info.plist */ = {isa = PBXFileReference; lastKnownFileType = text.plist.xml; path = Info.plist; sourceTree = "<group>"; };
		194CC94B1B18E82600FFBE80 /* main.m */ = {isa = PBXFileReference; lastKnownFileType = sourcecode.c.objc; path = main.m; sourceTree = "<group>"; };
		194CC94D1B18E82600FFBE80 /* AppDelegate.h */ = {isa = PBXFileReference; lastKnownFileType = sourcecode.c.h; path = AppDelegate.h; sourceTree = "<group>"; };
		194CC94E1B18E82600FFBE80 /* AppDelegate.m */ = {isa = PBXFileReference; lastKnownFileType = sourcecode.c.objc; path = AppDelegate.m; sourceTree = "<group>"; };
		194CC9511B18E82600FFBE80 /* ImageSender.xcdatamodel */ = {isa = PBXFileReference; lastKnownFileType = wrapper.xcdatamodel; path = ImageSender.xcdatamodel; sourceTree = "<group>"; };
		194CC9531B18E82600FFBE80 /* ASLoadingScreenViewController.h */ = {isa = PBXFileReference; lastKnownFileType = sourcecode.c.h; path = ASLoadingScreenViewController.h; sourceTree = "<group>"; };
		194CC9541B18E82600FFBE80 /* ASLoadingScreenViewController.m */ = {isa = PBXFileReference; lastKnownFileType = sourcecode.c.objc; path = ASLoadingScreenViewController.m; sourceTree = "<group>"; };
		194CC9571B18E82600FFBE80 /* Base */ = {isa = PBXFileReference; lastKnownFileType = file.storyboard; name = Base; path = Base.lproj/Main.storyboard; sourceTree = "<group>"; };
		194CC9591B18E82600FFBE80 /* Images.xcassets */ = {isa = PBXFileReference; lastKnownFileType = folder.assetcatalog; path = Images.xcassets; sourceTree = "<group>"; };
		194CC95C1B18E82600FFBE80 /* Base */ = {isa = PBXFileReference; lastKnownFileType = file.xib; name = Base; path = Base.lproj/LaunchScreen.xib; sourceTree = "<group>"; };
		194CC9621B18E82600FFBE80 /* ImageSenderTests.xctest */ = {isa = PBXFileReference; explicitFileType = wrapper.cfbundle; includeInIndex = 0; path = ImageSenderTests.xctest; sourceTree = BUILT_PRODUCTS_DIR; };
		194CC9671B18E82600FFBE80 /* Info.plist */ = {isa = PBXFileReference; lastKnownFileType = text.plist.xml; path = Info.plist; sourceTree = "<group>"; };
		194CC9681B18E82600FFBE80 /* ImageSenderTests.m */ = {isa = PBXFileReference; lastKnownFileType = sourcecode.c.objc; path = ImageSenderTests.m; sourceTree = "<group>"; };
		195A6CF11B19710300D0254F /* ASDraftsAndMesagesViewController.h */ = {isa = PBXFileReference; fileEncoding = 4; lastKnownFileType = sourcecode.c.h; path = ASDraftsAndMesagesViewController.h; sourceTree = "<group>"; };
		195A6CF21B19710300D0254F /* ASDraftsAndMesagesViewController.m */ = {isa = PBXFileReference; fileEncoding = 4; lastKnownFileType = sourcecode.c.objc; path = ASDraftsAndMesagesViewController.m; sourceTree = "<group>"; };
		195A6CF41B1971C800D0254F /* ASShareViewController.h */ = {isa = PBXFileReference; fileEncoding = 4; lastKnownFileType = sourcecode.c.h; path = ASShareViewController.h; sourceTree = "<group>"; };
		195A6CF51B1971C800D0254F /* ASShareViewController.m */ = {isa = PBXFileReference; fileEncoding = 4; lastKnownFileType = sourcecode.c.objc; path = ASShareViewController.m; sourceTree = "<group>"; };
		195A6CF71B1973B300D0254F /* ASMessageInfoCell.h */ = {isa = PBXFileReference; fileEncoding = 4; lastKnownFileType = sourcecode.c.h; path = ASMessageInfoCell.h; sourceTree = "<group>"; };
		195A6CF81B1973B300D0254F /* ASMessageInfoCell.m */ = {isa = PBXFileReference; fileEncoding = 4; lastKnownFileType = sourcecode.c.objc; path = ASMessageInfoCell.m; sourceTree = "<group>"; };
		195A6CFB1B19A49400D0254F /* ASMessage.h */ = {isa = PBXFileReference; fileEncoding = 4; lastKnownFileType = sourcecode.c.h; path = ASMessage.h; sourceTree = "<group>"; };
		195A6CFC1B19A49400D0254F /* ASMessage.m */ = {isa = PBXFileReference; fileEncoding = 4; lastKnownFileType = sourcecode.c.objc; path = ASMessage.m; sourceTree = "<group>"; };
/* End PBXFileReference section */

/* Begin PBXFrameworksBuildPhase section */
		194CC9431B18E82600FFBE80 /* Frameworks */ = {
			isa = PBXFrameworksBuildPhase;
			buildActionMask = 2147483647;
			files = (
			);
			runOnlyForDeploymentPostprocessing = 0;
		};
		194CC95F1B18E82600FFBE80 /* Frameworks */ = {
			isa = PBXFrameworksBuildPhase;
			buildActionMask = 2147483647;
			files = (
			);
			runOnlyForDeploymentPostprocessing = 0;
		};
/* End PBXFrameworksBuildPhase section */

/* Begin PBXGroup section */
		194CC93D1B18E82600FFBE80 = {
			isa = PBXGroup;
			children = (
				194CC9481B18E82600FFBE80 /* ImageSender */,
				194CC9651B18E82600FFBE80 /* ImageSenderTests */,
				194CC9471B18E82600FFBE80 /* Products */,
			);
			sourceTree = "<group>";
		};
		194CC9471B18E82600FFBE80 /* Products */ = {
			isa = PBXGroup;
			children = (
				194CC9461B18E82600FFBE80 /* ImageSender.app */,
				194CC9621B18E82600FFBE80 /* ImageSenderTests.xctest */,
			);
			name = Products;
			sourceTree = "<group>";
		};
		194CC9481B18E82600FFBE80 /* ImageSender */ = {
			isa = PBXGroup;
			children = (
				194CC94D1B18E82600FFBE80 /* AppDelegate.h */,
				194CC94E1B18E82600FFBE80 /* AppDelegate.m */,
				194CC9531B18E82600FFBE80 /* ASLoadingScreenViewController.h */,
				194CC9541B18E82600FFBE80 /* ASLoadingScreenViewController.m */,
				195A6CF11B19710300D0254F /* ASDraftsAndMesagesViewController.h */,
				195A6CF21B19710300D0254F /* ASDraftsAndMesagesViewController.m */,
				195A6CF41B1971C800D0254F /* ASShareViewController.h */,
				195A6CF51B1971C800D0254F /* ASShareViewController.m */,
				195A6CFA1B198B1200D0254F /* Cell Custom */,
				195A6CF01B196EF500D0254F /* Model */,
				194CC9561B18E82600FFBE80 /* Main.storyboard */,
				194CC9591B18E82600FFBE80 /* Images.xcassets */,
				194CC95B1B18E82600FFBE80 /* LaunchScreen.xib */,
				194CC9501B18E82600FFBE80 /* ImageSender.xcdatamodeld */,
				194CC9491B18E82600FFBE80 /* Supporting Files */,
			);
			path = ImageSender;
			sourceTree = "<group>";
		};
		194CC9491B18E82600FFBE80 /* Supporting Files */ = {
			isa = PBXGroup;
			children = (
				194CC94A1B18E82600FFBE80 /* Info.plist */,
				194CC94B1B18E82600FFBE80 /* main.m */,
			);
			name = "Supporting Files";
			sourceTree = "<group>";
		};
		194CC9651B18E82600FFBE80 /* ImageSenderTests */ = {
			isa = PBXGroup;
			children = (
				194CC9681B18E82600FFBE80 /* ImageSenderTests.m */,
				194CC9661B18E82600FFBE80 /* Supporting Files */,
			);
			path = ImageSenderTests;
			sourceTree = "<group>";
		};
		194CC9661B18E82600FFBE80 /* Supporting Files */ = {
			isa = PBXGroup;
			children = (
				194CC9671B18E82600FFBE80 /* Info.plist */,
			);
			name = "Supporting Files";
			sourceTree = "<group>";
		};
		195A6CF01B196EF500D0254F /* Model */ = {
			isa = PBXGroup;
			children = (
				195A6CFB1B19A49400D0254F /* ASMessage.h */,
				195A6CFC1B19A49400D0254F /* ASMessage.m */,
			);
			name = Model;
			sourceTree = "<group>";
		};
		195A6CFA1B198B1200D0254F /* Cell Custom */ = {
			isa = PBXGroup;
			children = (
				195A6CF71B1973B300D0254F /* ASMessageInfoCell.h */,
				195A6CF81B1973B300D0254F /* ASMessageInfoCell.m */,
			);
			name = "Cell Custom";
			sourceTree = "<group>";
		};
/* End PBXGroup section */

/* Begin PBXNativeTarget section */
		194CC9451B18E82600FFBE80 /* ImageSender */ = {
			isa = PBXNativeTarget;
			buildConfigurationList = 194CC96C1B18E82600FFBE80 /* Build configuration list for PBXNativeTarget "ImageSender" */;
			buildPhases = (
				194CC9421B18E82600FFBE80 /* Sources */,
				194CC9431B18E82600FFBE80 /* Frameworks */,
				194CC9441B18E82600FFBE80 /* Resources */,
			);
			buildRules = (
			);
			dependencies = (
			);
			name = ImageSender;
			productName = ImageSender;
			productReference = 194CC9461B18E82600FFBE80 /* ImageSender.app */;
			productType = "com.apple.product-type.application";
		};
		194CC9611B18E82600FFBE80 /* ImageSenderTests */ = {
			isa = PBXNativeTarget;
			buildConfigurationList = 194CC96F1B18E82600FFBE80 /* Build configuration list for PBXNativeTarget "ImageSenderTests" */;
			buildPhases = (
				194CC95E1B18E82600FFBE80 /* Sources */,
				194CC95F1B18E82600FFBE80 /* Frameworks */,
				194CC9601B18E82600FFBE80 /* Resources */,
			);
			buildRules = (
			);
			dependencies = (
				194CC9641B18E82600FFBE80 /* PBXTargetDependency */,
			);
			name = ImageSenderTests;
			productName = ImageSenderTests;
			productReference = 194CC9621B18E82600FFBE80 /* ImageSenderTests.xctest */;
			productType = "com.apple.product-type.bundle.unit-test";
		};
/* End PBXNativeTarget section */

/* Begin PBXProject section */
		194CC93E1B18E82600FFBE80 /* Project object */ = {
			isa = PBXProject;
			attributes = {
				LastUpgradeCheck = 0630;
				ORGANIZATIONNAME = "Alexander Sergienko";
				TargetAttributes = {
					194CC9451B18E82600FFBE80 = {
						CreatedOnToolsVersion = 6.3.2;
					};
					194CC9611B18E82600FFBE80 = {
						CreatedOnToolsVersion = 6.3.2;
						TestTargetID = 194CC9451B18E82600FFBE80;
					};
				};
			};
			buildConfigurationList = 194CC9411B18E82600FFBE80 /* Build configuration list for PBXProject "ImageSender" */;
			compatibilityVersion = "Xcode 3.2";
			developmentRegion = English;
			hasScannedForEncodings = 0;
			knownRegions = (
				en,
				Base,
			);
			mainGroup = 194CC93D1B18E82600FFBE80;
			productRefGroup = 194CC9471B18E82600FFBE80 /* Products */;
			projectDirPath = "";
			projectRoot = "";
			targets = (
				194CC9451B18E82600FFBE80 /* ImageSender */,
				194CC9611B18E82600FFBE80 /* ImageSenderTests */,
			);
		};
/* End PBXProject section */

/* Begin PBXResourcesBuildPhase section */
		194CC9441B18E82600FFBE80 /* Resources */ = {
			isa = PBXResourcesBuildPhase;
			buildActionMask = 2147483647;
			files = (
				194CC9581B18E82600FFBE80 /* Main.storyboard in Resources */,
				194CC95D1B18E82600FFBE80 /* LaunchScreen.xib in Resources */,
				194CC95A1B18E82600FFBE80 /* Images.xcassets in Resources */,
			);
			runOnlyForDeploymentPostprocessing = 0;
		};
		194CC9601B18E82600FFBE80 /* Resources */ = {
			isa = PBXResourcesBuildPhase;
			buildActionMask = 2147483647;
			files = (
			);
			runOnlyForDeploymentPostprocessing = 0;
		};
/* End PBXResourcesBuildPhase section */

/* Begin PBXSourcesBuildPhase section */
		194CC9421B18E82600FFBE80 /* Sources */ = {
			isa = PBXSourcesBuildPhase;
			buildActionMask = 2147483647;
			files = (
				194CC94F1B18E82600FFBE80 /* AppDelegate.m in Sources */,
				194CC94C1B18E82600FFBE80 /* main.m in Sources */,
				194CC9551B18E82600FFBE80 /* ASLoadingScreenViewController.m in Sources */,
				195A6CF91B1973B300D0254F /* ASMessageInfoCell.m in Sources */,
				195A6CF61B1971C800D0254F /* ASShareViewController.m in Sources */,
				195A6CF31B19710300D0254F /* ASDraftsAndMesagesViewController.m in Sources */,
				194CC9521B18E82600FFBE80 /* ImageSender.xcdatamodeld in Sources */,
				195A6CFD1B19A49400D0254F /* ASMessage.m in Sources */,
			);
			runOnlyForDeploymentPostprocessing = 0;
		};
		194CC95E1B18E82600FFBE80 /* Sources */ = {
			isa = PBXSourcesBuildPhase;
			buildActionMask = 2147483647;
			files = (
				194CC9691B18E82600FFBE80 /* ImageSenderTests.m in Sources */,
			);
			runOnlyForDeploymentPostprocessing = 0;
		};
/* End PBXSourcesBuildPhase section */

/* Begin PBXTargetDependency section */
		194CC9641B18E82600FFBE80 /* PBXTargetDependency */ = {
			isa = PBXTargetDependency;
			target = 194CC9451B18E82600FFBE80 /* ImageSender */;
			targetProxy = 194CC9631B18E82600FFBE80 /* PBXContainerItemProxy */;
		};
/* End PBXTargetDependency section */

/* Begin PBXVariantGroup section */
		194CC9561B18E82600FFBE80 /* Main.storyboard */ = {
			isa = PBXVariantGroup;
			children = (
				194CC9571B18E82600FFBE80 /* Base */,
			);
			name = Main.storyboard;
			sourceTree = "<group>";
		};
		194CC95B1B18E82600FFBE80 /* LaunchScreen.xib */ = {
			isa = PBXVariantGroup;
			children = (
				194CC95C1B18E82600FFBE80 /* Base */,
			);
			name = LaunchScreen.xib;
			sourceTree = "<group>";
		};
/* End PBXVariantGroup section */

/* Begin XCBuildConfiguration section */
		194CC96A1B18E82600FFBE80 /* Debug */ = {
			isa = XCBuildConfiguration;
			buildSettings = {
				ALWAYS_SEARCH_USER_PATHS = NO;
				CLANG_CXX_LANGUAGE_STANDARD = "gnu++0x";
				CLANG_CXX_LIBRARY = "libc++";
				CLANG_ENABLE_MODULES = YES;
				CLANG_ENABLE_OBJC_ARC = YES;
				CLANG_WARN_BOOL_CONVERSION = YES;
				CLANG_WARN_CONSTANT_CONVERSION = YES;
				CLANG_WARN_DIRECT_OBJC_ISA_USAGE = YES_ERROR;
				CLANG_WARN_EMPTY_BODY = YES;
				CLANG_WARN_ENUM_CONVERSION = YES;
				CLANG_WARN_INT_CONVERSION = YES;
				CLANG_WARN_OBJC_ROOT_CLASS = YES_ERROR;
				CLANG_WARN_UNREACHABLE_CODE = YES;
				CLANG_WARN__DUPLICATE_METHOD_MATCH = YES;
				"CODE_SIGN_IDENTITY[sdk=iphoneos*]" = "iPhone Developer";
				COPY_PHASE_STRIP = NO;
				DEBUG_INFORMATION_FORMAT = "dwarf-with-dsym";
				ENABLE_STRICT_OBJC_MSGSEND = YES;
				GCC_C_LANGUAGE_STANDARD = gnu99;
				GCC_DYNAMIC_NO_PIC = NO;
				GCC_NO_COMMON_BLOCKS = YES;
				GCC_OPTIMIZATION_LEVEL = 0;
				GCC_PREPROCESSOR_DEFINITIONS = (
					"DEBUG=1",
					"$(inherited)",
				);
				GCC_SYMBOLS_PRIVATE_EXTERN = NO;
				GCC_WARN_64_TO_32_BIT_CONVERSION = YES;
				GCC_WARN_ABOUT_RETURN_TYPE = YES_ERROR;
				GCC_WARN_UNDECLARED_SELECTOR = YES;
				GCC_WARN_UNINITIALIZED_AUTOS = YES_AGGRESSIVE;
				GCC_WARN_UNUSED_FUNCTION = YES;
				GCC_WARN_UNUSED_VARIABLE = YES;
				IPHONEOS_DEPLOYMENT_TARGET = 8.3;
				MTL_ENABLE_DEBUG_INFO = YES;
				ONLY_ACTIVE_ARCH = YES;
				SDKROOT = iphoneos;
				TARGETED_DEVICE_FAMILY = "1,2";
			};
			name = Debug;
		};
		194CC96B1B18E82600FFBE80 /* Release */ = {
			isa = XCBuildConfiguration;
			buildSettings = {
				ALWAYS_SEARCH_USER_PATHS = NO;
				CLANG_CXX_LANGUAGE_STANDARD = "gnu++0x";
				CLANG_CXX_LIBRARY = "libc++";
				CLANG_ENABLE_MODULES = YES;
				CLANG_ENABLE_OBJC_ARC = YES;
				CLANG_WARN_BOOL_CONVERSION = YES;
				CLANG_WARN_CONSTANT_CONVERSION = YES;
				CLANG_WARN_DIRECT_OBJC_ISA_USAGE = YES_ERROR;
				CLANG_WARN_EMPTY_BODY = YES;
				CLANG_WARN_ENUM_CONVERSION = YES;
				CLANG_WARN_INT_CONVERSION = YES;
				CLANG_WARN_OBJC_ROOT_CLASS = YES_ERROR;
				CLANG_WARN_UNREACHABLE_CODE = YES;
				CLANG_WARN__DUPLICATE_METHOD_MATCH = YES;
				"CODE_SIGN_IDENTITY[sdk=iphoneos*]" = "iPhone Developer";
				COPY_PHASE_STRIP = NO;
				DEBUG_INFORMATION_FORMAT = "dwarf-with-dsym";
				ENABLE_NS_ASSERTIONS = NO;
				ENABLE_STRICT_OBJC_MSGSEND = YES;
				GCC_C_LANGUAGE_STANDARD = gnu99;
				GCC_NO_COMMON_BLOCKS = YES;
				GCC_WARN_64_TO_32_BIT_CONVERSION = YES;
				GCC_WARN_ABOUT_RETURN_TYPE = YES_ERROR;
				GCC_WARN_UNDECLARED_SELECTOR = YES;
				GCC_WARN_UNINITIALIZED_AUTOS = YES_AGGRESSIVE;
				GCC_WARN_UNUSED_FUNCTION = YES;
				GCC_WARN_UNUSED_VARIABLE = YES;
				IPHONEOS_DEPLOYMENT_TARGET = 8.3;
				MTL_ENABLE_DEBUG_INFO = NO;
				SDKROOT = iphoneos;
				TARGETED_DEVICE_FAMILY = "1,2";
				VALIDATE_PRODUCT = YES;
			};
			name = Release;
		};
		194CC96D1B18E82600FFBE80 /* Debug */ = {
			isa = XCBuildConfiguration;
			buildSettings = {
				ASSETCATALOG_COMPILER_APPICON_NAME = AppIcon;
				INFOPLIST_FILE = ImageSender/Info.plist;
				LD_RUNPATH_SEARCH_PATHS = "$(inherited) @executable_path/Frameworks";
				PRODUCT_NAME = "$(TARGET_NAME)";
			};
			name = Debug;
		};
		194CC96E1B18E82600FFBE80 /* Release */ = {
			isa = XCBuildConfiguration;
			buildSettings = {
				ASSETCATALOG_COMPILER_APPICON_NAME = AppIcon;
				INFOPLIST_FILE = ImageSender/Info.plist;
				LD_RUNPATH_SEARCH_PATHS = "$(inherited) @executable_path/Frameworks";
				PRODUCT_NAME = "$(TARGET_NAME)";
			};
			name = Release;
		};
		194CC9701B18E82600FFBE80 /* Debug */ = {
			isa = XCBuildConfiguration;
			buildSettings = {
				BUNDLE_LOADER = "$(TEST_HOST)";
				FRAMEWORK_SEARCH_PATHS = (
					"$(SDKROOT)/Developer/Library/Frameworks",
					"$(inherited)",
				);
				GCC_PREPROCESSOR_DEFINITIONS = (
					"DEBUG=1",
					"$(inherited)",
				);
				INFOPLIST_FILE = ImageSenderTests/Info.plist;
				LD_RUNPATH_SEARCH_PATHS = "$(inherited) @executable_path/Frameworks @loader_path/Frameworks";
				PRODUCT_NAME = "$(TARGET_NAME)";
				TEST_HOST = "$(BUILT_PRODUCTS_DIR)/ImageSender.app/ImageSender";
			};
			name = Debug;
		};
		194CC9711B18E82600FFBE80 /* Release */ = {
			isa = XCBuildConfiguration;
			buildSettings = {
				BUNDLE_LOADER = "$(TEST_HOST)";
				FRAMEWORK_SEARCH_PATHS = (
					"$(SDKROOT)/Developer/Library/Frameworks",
					"$(inherited)",
				);
				INFOPLIST_FILE = ImageSenderTests/Info.plist;
				LD_RUNPATH_SEARCH_PATHS = "$(inherited) @executable_path/Frameworks @loader_path/Frameworks";
				PRODUCT_NAME = "$(TARGET_NAME)";
				TEST_HOST = "$(BUILT_PRODUCTS_DIR)/ImageSender.app/ImageSender";
			};
			name = Release;
		};
/* End XCBuildConfiguration section */

/* Begin XCConfigurationList section */
		194CC9411B18E82600FFBE80 /* Build configuration list for PBXProject "ImageSender" */ = {
			isa = XCConfigurationList;
			buildConfigurations = (
				194CC96A1B18E82600FFBE80 /* Debug */,
				194CC96B1B18E82600FFBE80 /* Release */,
			);
			defaultConfigurationIsVisible = 0;
			defaultConfigurationName = Release;
		};
		194CC96C1B18E82600FFBE80 /* Build configuration list for PBXNativeTarget "ImageSender" */ = {
			isa = XCConfigurationList;
			buildConfigurations = (
				194CC96D1B18E82600FFBE80 /* Debug */,
				194CC96E1B18E82600FFBE80 /* Release */,
			);
			defaultConfigurationIsVisible = 0;
			defaultConfigurationName = Release;
		};
		194CC96F1B18E82600FFBE80 /* Build configuration list for PBXNativeTarget "ImageSenderTests" */ = {
			isa = XCConfigurationList;
			buildConfigurations = (
				194CC9701B18E82600FFBE80 /* Debug */,
				194CC9711B18E82600FFBE80 /* Release */,
			);
			defaultConfigurationIsVisible = 0;
			defaultConfigurationName = Release;
		};
/* End XCConfigurationList section */

/* Begin XCVersionGroup section */
		194CC9501B18E82600FFBE80 /* ImageSender.xcdatamodeld */ = {
			isa = XCVersionGroup;
			children = (
				194CC9511B18E82600FFBE80 /* ImageSender.xcdatamodel */,
			);
			currentVersion = 194CC9511B18E82600FFBE80 /* ImageSender.xcdatamodel */;
			path = ImageSender.xcdatamodeld;
			sourceTree = "<group>";
			versionGroupType = wrapper.xcdatamodel;
		};
/* End XCVersionGroup section */
	};
	rootObject = 194CC93E1B18E82600FFBE80 /* Project object */;
}
