<?xml version="1.0" encoding="UTF-8"?>
<!DOCTYPE plist PUBLIC "-//Apple//DTD PLIST 1.0//EN" "http://www.apple.com/DTDs/PropertyList-1.0.dtd">
<plist version="1.0">
<dict>
	<key>archiveVersion</key>
	<string>1</string>
	<key>classes</key>
	<dict/>
	<key>objectVersion</key>
	<string>46</string>
	<key>objects</key>
	<dict>
		<key>087143701B300A93007578E2</key>
		<dict>
			<key>fileEncoding</key>
			<string>4</string>
			<key>isa</key>
			<string>PBXFileReference</string>
			<key>lastKnownFileType</key>
			<string>sourcecode.c.h</string>
			<key>path</key>
			<string>ASProjectConstants.h</string>
			<key>sourceTree</key>
			<string>&lt;group&gt;</string>
		</dict>
		<key>087143711B300A93007578E2</key>
		<dict>
			<key>fileEncoding</key>
			<string>4</string>
			<key>isa</key>
			<string>PBXFileReference</string>
			<key>lastKnownFileType</key>
			<string>sourcecode.c.objc</string>
			<key>path</key>
			<string>ASProjectConstants.m</string>
			<key>sourceTree</key>
			<string>&lt;group&gt;</string>
		</dict>
		<key>087143721B300A93007578E2</key>
		<dict>
			<key>fileRef</key>
			<string>087143711B300A93007578E2</string>
			<key>isa</key>
			<string>PBXBuildFile</string>
		</dict>
		<key>087143881B301F67007578E2</key>
		<dict>
			<key>children</key>
			<array>
				<string>087143C71B301FD9007578E2</string>
				<string>087143C81B301FFD007578E2</string>
				<string>087143C91B30200E007578E2</string>
				<string>087143CA1B302029007578E2</string>
			</array>
			<key>isa</key>
			<string>PBXGroup</string>
			<key>name</key>
			<string>Images</string>
			<key>path</key>
			<string>Images</string>
			<key>sourceTree</key>
			<string>&lt;group&gt;</string>
		</dict>
		<key>087143891B301F97007578E2</key>
		<dict>
			<key>isa</key>
			<string>PBXFileReference</string>
			<key>lastKnownFileType</key>
			<string>image.png</string>
			<key>name</key>
			<string>AddMessage.png</string>
			<key>path</key>
			<string>Images.xcassets/AddMessageButton.imageset/AddMessage.png</string>
			<key>sourceTree</key>
			<string>&lt;group&gt;</string>
		</dict>
		<key>0871438A1B301F97007578E2</key>
		<dict>
			<key>isa</key>
			<string>PBXFileReference</string>
			<key>lastKnownFileType</key>
			<string>image.png</string>
			<key>name</key>
			<string>AddMessage@2x.png</string>
			<key>path</key>
			<string>Images.xcassets/AddMessageButton.imageset/AddMessage@2x.png</string>
			<key>sourceTree</key>
			<string>&lt;group&gt;</string>
		</dict>
		<key>0871438B1B301F97007578E2</key>
		<dict>
			<key>isa</key>
			<string>PBXFileReference</string>
			<key>lastKnownFileType</key>
			<string>image.png</string>
			<key>name</key>
			<string>AddMessage@3x.png</string>
			<key>path</key>
			<string>Images.xcassets/AddMessageButton.imageset/AddMessage@3x.png</string>
			<key>sourceTree</key>
			<string>&lt;group&gt;</string>
		</dict>
		<key>0871438C1B301F97007578E2</key>
		<dict>
			<key>isa</key>
			<string>PBXFileReference</string>
			<key>lastKnownFileType</key>
			<string>image.png</string>
			<key>name</key>
			<string>AddPhotoButton.png</string>
			<key>path</key>
			<string>Images.xcassets/AddPhotoButton.imageset/AddPhotoButton.png</string>
			<key>sourceTree</key>
			<string>&lt;group&gt;</string>
		</dict>
		<key>0871438D1B301F97007578E2</key>
		<dict>
			<key>isa</key>
			<string>PBXFileReference</string>
			<key>lastKnownFileType</key>
			<string>image.png</string>
			<key>name</key>
			<string>AddPhotoButton@2x.png</string>
			<key>path</key>
			<string>Images.xcassets/AddPhotoButton.imageset/AddPhotoButton@2x.png</string>
			<key>sourceTree</key>
			<string>&lt;group&gt;</string>
		</dict>
		<key>0871438E1B301F97007578E2</key>
		<dict>
			<key>isa</key>
			<string>PBXFileReference</string>
			<key>lastKnownFileType</key>
			<string>image.png</string>
			<key>name</key>
			<string>AddPhotoButton@3x.png</string>
			<key>path</key>
			<string>Images.xcassets/AddPhotoButton.imageset/AddPhotoButton@3x.png</string>
			<key>sourceTree</key>
			<string>&lt;group&gt;</string>
		</dict>
		<key>0871438F1B301F97007578E2</key>
		<dict>
			<key>isa</key>
			<string>PBXFileReference</string>
			<key>lastKnownFileType</key>
			<string>image.png</string>
			<key>name</key>
			<string>AppIcon29@2x.png</string>
			<key>path</key>
			<string>Images.xcassets/AppIcon.appiconset/AppIcon29@2x.png</string>
			<key>sourceTree</key>
			<string>&lt;group&gt;</string>
		</dict>
		<key>087143901B301F97007578E2</key>
		<dict>
			<key>isa</key>
			<string>PBXFileReference</string>
			<key>lastKnownFileType</key>
			<string>image.png</string>
			<key>name</key>
			<string>AppIcon29@2x.png</string>
			<key>path</key>
			<string>Images.xcassets/AppIcon29.imageset/AppIcon29@2x.png</string>
			<key>sourceTree</key>
			<string>&lt;group&gt;</string>
		</dict>
		<key>087143911B301F97007578E2</key>
		<dict>
			<key>isa</key>
			<string>PBXFileReference</string>
			<key>lastKnownFileType</key>
			<string>image.png</string>
			<key>name</key>
			<string>AppIcon29@3x.png</string>
			<key>path</key>
			<string>Images.xcassets/AppIcon.appiconset/AppIcon29@3x.png</string>
			<key>sourceTree</key>
			<string>&lt;group&gt;</string>
		</dict>
		<key>087143921B301F97007578E2</key>
		<dict>
			<key>isa</key>
			<string>PBXFileReference</string>
			<key>lastKnownFileType</key>
			<string>image.png</string>
			<key>name</key>
			<string>AppIcon29@3x.png</string>
			<key>path</key>
			<string>Images.xcassets/AppIcon29.imageset/AppIcon29@3x.png</string>
			<key>sourceTree</key>
			<string>&lt;group&gt;</string>
		</dict>
		<key>087143931B301F97007578E2</key>
		<dict>
			<key>isa</key>
			<string>PBXFileReference</string>
			<key>lastKnownFileType</key>
			<string>image.png</string>
			<key>name</key>
			<string>AppIcon40@2x.png</string>
			<key>path</key>
			<string>Images.xcassets/AppIcon.appiconset/AppIcon40@2x.png</string>
			<key>sourceTree</key>
			<string>&lt;group&gt;</string>
		</dict>
		<key>087143941B301F97007578E2</key>
		<dict>
			<key>isa</key>
			<string>PBXFileReference</string>
			<key>lastKnownFileType</key>
			<string>image.png</string>
			<key>name</key>
			<string>AppIcon40@2x.png</string>
			<key>path</key>
			<string>Images.xcassets/AppIcon40.imageset/AppIcon40@2x.png</string>
			<key>sourceTree</key>
			<string>&lt;group&gt;</string>
		</dict>
		<key>087143951B301F97007578E2</key>
		<dict>
			<key>isa</key>
			<string>PBXFileReference</string>
			<key>lastKnownFileType</key>
			<string>image.png</string>
			<key>name</key>
			<string>AppIcon40@3x.png</string>
			<key>path</key>
			<string>Images.xcassets/AppIcon.appiconset/AppIcon40@3x.png</string>
			<key>sourceTree</key>
			<string>&lt;group&gt;</string>
		</dict>
		<key>087143961B301F97007578E2</key>
		<dict>
			<key>isa</key>
			<string>PBXFileReference</string>
			<key>lastKnownFileType</key>
			<string>image.png</string>
			<key>name</key>
			<string>AppIcon40@3x.png</string>
			<key>path</key>
			<string>Images.xcassets/AppIcon40.imageset/AppIcon40@3x.png</string>
			<key>sourceTree</key>
			<string>&lt;group&gt;</string>
		</dict>
		<key>087143971B301F97007578E2</key>
		<dict>
			<key>isa</key>
			<string>PBXFileReference</string>
			<key>lastKnownFileType</key>
			<string>image.png</string>
			<key>name</key>
			<string>AppIcon60@2x.png</string>
			<key>path</key>
			<string>Images.xcassets/AppIcon.appiconset/AppIcon60@2x.png</string>
			<key>sourceTree</key>
			<string>&lt;group&gt;</string>
		</dict>
		<key>087143981B301F97007578E2</key>
		<dict>
			<key>isa</key>
			<string>PBXFileReference</string>
			<key>lastKnownFileType</key>
			<string>image.png</string>
			<key>name</key>
			<string>AppIcon60@2x.png</string>
			<key>path</key>
			<string>Images.xcassets/AppIcon60.imageset/AppIcon60@2x.png</string>
			<key>sourceTree</key>
			<string>&lt;group&gt;</string>
		</dict>
		<key>087143991B301F97007578E2</key>
		<dict>
			<key>isa</key>
			<string>PBXFileReference</string>
			<key>lastKnownFileType</key>
			<string>image.png</string>
			<key>name</key>
			<string>AppIcon60@3x.png</string>
			<key>path</key>
			<string>Images.xcassets/AppIcon.appiconset/AppIcon60@3x.png</string>
			<key>sourceTree</key>
			<string>&lt;group&gt;</string>
		</dict>
		<key>0871439A1B301F97007578E2</key>
		<dict>
			<key>isa</key>
			<string>PBXFileReference</string>
			<key>lastKnownFileType</key>
			<string>image.png</string>
			<key>name</key>
			<string>AppIcon60@3x.png</string>
			<key>path</key>
			<string>Images.xcassets/AppIcon60.imageset/AppIcon60@3x.png</string>
			<key>sourceTree</key>
			<string>&lt;group&gt;</string>
		</dict>
		<key>0871439B1B301F97007578E2</key>
		<dict>
			<key>isa</key>
			<string>PBXFileReference</string>
			<key>lastKnownFileType</key>
			<string>image.png</string>
			<key>name</key>
			<string>BackButton@1x.png</string>
			<key>path</key>
			<string>Images.xcassets/BackButton.imageset/BackButton@1x.png</string>
			<key>sourceTree</key>
			<string>&lt;group&gt;</string>
		</dict>
		<key>0871439C1B301F97007578E2</key>
		<dict>
			<key>isa</key>
			<string>PBXFileReference</string>
			<key>lastKnownFileType</key>
			<string>image.png</string>
			<key>name</key>
			<string>BackButton@2x.png</string>
			<key>path</key>
			<string>Images.xcassets/BackButton.imageset/BackButton@2x.png</string>
			<key>sourceTree</key>
			<string>&lt;group&gt;</string>
		</dict>
		<key>0871439D1B301F97007578E2</key>
		<dict>
			<key>isa</key>
			<string>PBXFileReference</string>
			<key>lastKnownFileType</key>
			<string>image.png</string>
			<key>name</key>
			<string>BackButton@3x.png</string>
			<key>path</key>
			<string>Images.xcassets/BackButton.imageset/BackButton@3x.png</string>
			<key>sourceTree</key>
			<string>&lt;group&gt;</string>
		</dict>
		<key>0871439F1B301F97007578E2</key>
		<dict>
			<key>isa</key>
			<string>PBXFileReference</string>
			<key>lastKnownFileType</key>
			<string>image.png</string>
			<key>name</key>
			<string>LoadingScreen@1x.png</string>
			<key>path</key>
			<string>Images.xcassets/LoadingScreen.imageset/LoadingScreen@1x.png</string>
			<key>sourceTree</key>
			<string>&lt;group&gt;</string>
		</dict>
		<key>087143A01B301F97007578E2</key>
		<dict>
			<key>isa</key>
			<string>PBXFileReference</string>
			<key>lastKnownFileType</key>
			<string>image.png</string>
			<key>name</key>
			<string>LoadingScreen@2x.png</string>
			<key>path</key>
			<string>Images.xcassets/LoadingScreen.imageset/LoadingScreen@2x.png</string>
			<key>sourceTree</key>
			<string>&lt;group&gt;</string>
		</dict>
		<key>087143A11B301F97007578E2</key>
		<dict>
			<key>isa</key>
			<string>PBXFileReference</string>
			<key>lastKnownFileType</key>
			<string>image.png</string>
			<key>name</key>
			<string>LoadingScreen@3x.png</string>
			<key>path</key>
			<string>Images.xcassets/LoadingScreen.imageset/LoadingScreen@3x.png</string>
			<key>sourceTree</key>
			<string>&lt;group&gt;</string>
		</dict>
		<key>087143A21B301F97007578E2</key>
		<dict>
			<key>isa</key>
			<string>PBXFileReference</string>
			<key>lastKnownFileType</key>
			<string>image.png</string>
			<key>name</key>
			<string>RemoveAllButton.png</string>
			<key>path</key>
			<string>Images.xcassets/RemoveAllButton.imageset/RemoveAllButton.png</string>
			<key>sourceTree</key>
			<string>&lt;group&gt;</string>
		</dict>
		<key>087143A31B301F97007578E2</key>
		<dict>
			<key>isa</key>
			<string>PBXFileReference</string>
			<key>lastKnownFileType</key>
			<string>image.png</string>
			<key>name</key>
			<string>RemoveAllButton@2x.png</string>
			<key>path</key>
			<string>Images.xcassets/RemoveAllButton.imageset/RemoveAllButton@2x.png</string>
			<key>sourceTree</key>
			<string>&lt;group&gt;</string>
		</dict>
		<key>087143A41B301F97007578E2</key>
		<dict>
			<key>isa</key>
			<string>PBXFileReference</string>
			<key>lastKnownFileType</key>
			<string>image.png</string>
			<key>name</key>
			<string>RemoveAllButton@3x.png</string>
			<key>path</key>
			<string>Images.xcassets/RemoveAllButton.imageset/RemoveAllButton@3x.png</string>
			<key>sourceTree</key>
			<string>&lt;group&gt;</string>
		</dict>
		<key>087143A51B301F97007578E2</key>
		<dict>
			<key>isa</key>
			<string>PBXFileReference</string>
			<key>lastKnownFileType</key>
			<string>image.png</string>
			<key>name</key>
			<string>share.png</string>
			<key>path</key>
			<string>Images.xcassets/share.imageset/share.png</string>
			<key>sourceTree</key>
			<string>&lt;group&gt;</string>
		</dict>
		<key>087143A61B301F97007578E2</key>
		<dict>
			<key>isa</key>
			<string>PBXFileReference</string>
			<key>lastKnownFileType</key>
			<string>image.png</string>
			<key>name</key>
			<string>share@2x.png</string>
			<key>path</key>
			<string>Images.xcassets/share.imageset/share@2x.png</string>
			<key>sourceTree</key>
			<string>&lt;group&gt;</string>
		</dict>
		<key>087143A71B301F97007578E2</key>
		<dict>
			<key>isa</key>
			<string>PBXFileReference</string>
			<key>lastKnownFileType</key>
			<string>image.png</string>
			<key>name</key>
			<string>share@3x.png</string>
			<key>path</key>
			<string>Images.xcassets/share.imageset/share@3x.png</string>
			<key>sourceTree</key>
			<string>&lt;group&gt;</string>
		</dict>
		<key>087143A81B301F97007578E2</key>
		<dict>
			<key>fileRef</key>
			<string>087143891B301F97007578E2</string>
			<key>isa</key>
			<string>PBXBuildFile</string>
		</dict>
		<key>087143A91B301F97007578E2</key>
		<dict>
			<key>fileRef</key>
			<string>0871438A1B301F97007578E2</string>
			<key>isa</key>
			<string>PBXBuildFile</string>
		</dict>
		<key>087143AA1B301F97007578E2</key>
		<dict>
			<key>fileRef</key>
			<string>0871438B1B301F97007578E2</string>
			<key>isa</key>
			<string>PBXBuildFile</string>
		</dict>
		<key>087143AB1B301F97007578E2</key>
		<dict>
			<key>fileRef</key>
			<string>0871438C1B301F97007578E2</string>
			<key>isa</key>
			<string>PBXBuildFile</string>
		</dict>
		<key>087143AC1B301F97007578E2</key>
		<dict>
			<key>fileRef</key>
			<string>0871438D1B301F97007578E2</string>
			<key>isa</key>
			<string>PBXBuildFile</string>
		</dict>
		<key>087143AD1B301F97007578E2</key>
		<dict>
			<key>fileRef</key>
			<string>0871438E1B301F97007578E2</string>
			<key>isa</key>
			<string>PBXBuildFile</string>
		</dict>
		<key>087143AE1B301F97007578E2</key>
		<dict>
			<key>fileRef</key>
			<string>0871438F1B301F97007578E2</string>
			<key>isa</key>
			<string>PBXBuildFile</string>
		</dict>
		<key>087143B11B301F97007578E2</key>
		<dict>
			<key>fileRef</key>
			<string>087143921B301F97007578E2</string>
			<key>isa</key>
			<string>PBXBuildFile</string>
		</dict>
		<key>087143B31B301F97007578E2</key>
		<dict>
			<key>fileRef</key>
			<string>087143941B301F97007578E2</string>
			<key>isa</key>
			<string>PBXBuildFile</string>
		</dict>
		<key>087143B41B301F97007578E2</key>
		<dict>
			<key>fileRef</key>
			<string>087143951B301F97007578E2</string>
			<key>isa</key>
			<string>PBXBuildFile</string>
		</dict>
		<key>087143B71B301F97007578E2</key>
		<dict>
			<key>fileRef</key>
			<string>087143981B301F97007578E2</string>
			<key>isa</key>
			<string>PBXBuildFile</string>
		</dict>
		<key>087143B81B301F97007578E2</key>
		<dict>
			<key>fileRef</key>
			<string>087143991B301F97007578E2</string>
			<key>isa</key>
			<string>PBXBuildFile</string>
		</dict>
		<key>087143BA1B301F97007578E2</key>
		<dict>
			<key>fileRef</key>
			<string>0871439B1B301F97007578E2</string>
			<key>isa</key>
			<string>PBXBuildFile</string>
		</dict>
		<key>087143BB1B301F97007578E2</key>
		<dict>
			<key>fileRef</key>
			<string>0871439C1B301F97007578E2</string>
			<key>isa</key>
			<string>PBXBuildFile</string>
		</dict>
		<key>087143BC1B301F97007578E2</key>
		<dict>
			<key>fileRef</key>
			<string>0871439D1B301F97007578E2</string>
			<key>isa</key>
			<string>PBXBuildFile</string>
		</dict>
		<key>087143BE1B301F97007578E2</key>
		<dict>
			<key>fileRef</key>
			<string>0871439F1B301F97007578E2</string>
			<key>isa</key>
			<string>PBXBuildFile</string>
		</dict>
		<key>087143BF1B301F97007578E2</key>
		<dict>
			<key>fileRef</key>
			<string>087143A01B301F97007578E2</string>
			<key>isa</key>
			<string>PBXBuildFile</string>
		</dict>
		<key>087143C01B301F97007578E2</key>
		<dict>
			<key>fileRef</key>
			<string>087143A11B301F97007578E2</string>
			<key>isa</key>
			<string>PBXBuildFile</string>
		</dict>
		<key>087143C11B301F97007578E2</key>
		<dict>
			<key>fileRef</key>
			<string>087143A21B301F97007578E2</string>
			<key>isa</key>
			<string>PBXBuildFile</string>
		</dict>
		<key>087143C21B301F97007578E2</key>
		<dict>
			<key>fileRef</key>
			<string>087143A31B301F97007578E2</string>
			<key>isa</key>
			<string>PBXBuildFile</string>
		</dict>
		<key>087143C31B301F97007578E2</key>
		<dict>
			<key>fileRef</key>
			<string>087143A41B301F97007578E2</string>
			<key>isa</key>
			<string>PBXBuildFile</string>
		</dict>
		<key>087143C41B301F97007578E2</key>
		<dict>
			<key>fileRef</key>
			<string>087143A51B301F97007578E2</string>
			<key>isa</key>
			<string>PBXBuildFile</string>
		</dict>
		<key>087143C51B301F97007578E2</key>
		<dict>
			<key>fileRef</key>
			<string>087143A61B301F97007578E2</string>
			<key>isa</key>
			<string>PBXBuildFile</string>
		</dict>
		<key>087143C61B301F97007578E2</key>
		<dict>
			<key>fileRef</key>
			<string>087143A71B301F97007578E2</string>
			<key>isa</key>
			<string>PBXBuildFile</string>
		</dict>
		<key>087143C71B301FD9007578E2</key>
		<dict>
			<key>children</key>
			<array>
				<string>087143891B301F97007578E2</string>
				<string>0871438A1B301F97007578E2</string>
				<string>0871438B1B301F97007578E2</string>
				<string>0871438C1B301F97007578E2</string>
				<string>0871438D1B301F97007578E2</string>
				<string>0871438E1B301F97007578E2</string>
				<string>0871439B1B301F97007578E2</string>
				<string>0871439C1B301F97007578E2</string>
				<string>0871439D1B301F97007578E2</string>
				<string>087143A21B301F97007578E2</string>
				<string>087143A31B301F97007578E2</string>
				<string>087143A41B301F97007578E2</string>
			</array>
			<key>isa</key>
			<string>PBXGroup</string>
			<key>name</key>
			<string>Buttons</string>
			<key>path</key>
			<string>Buttons</string>
			<key>sourceTree</key>
			<string>&lt;group&gt;</string>
		</dict>
		<key>087143C81B301FFD007578E2</key>
		<dict>
			<key>children</key>
			<array>
				<string>0871438F1B301F97007578E2</string>
				<string>087143901B301F97007578E2</string>
				<string>087143911B301F97007578E2</string>
				<string>087143921B301F97007578E2</string>
				<string>087143931B301F97007578E2</string>
				<string>087143941B301F97007578E2</string>
				<string>087143951B301F97007578E2</string>
				<string>087143961B301F97007578E2</string>
				<string>087143971B301F97007578E2</string>
				<string>087143981B301F97007578E2</string>
				<string>087143991B301F97007578E2</string>
				<string>0871439A1B301F97007578E2</string>
			</array>
			<key>isa</key>
			<string>PBXGroup</string>
			<key>name</key>
			<string>AppIcon</string>
			<key>path</key>
			<string>AppIcon</string>
			<key>sourceTree</key>
			<string>&lt;group&gt;</string>
		</dict>
		<key>087143C91B30200E007578E2</key>
		<dict>
			<key>children</key>
			<array>
				<string>0871439F1B301F97007578E2</string>
				<string>087143A01B301F97007578E2</string>
				<string>087143A11B301F97007578E2</string>
			</array>
			<key>isa</key>
			<string>PBXGroup</string>
			<key>name</key>
			<string>LoadingScreen</string>
			<key>path</key>
			<string>LoadingScreen</string>
			<key>sourceTree</key>
			<string>&lt;group&gt;</string>
		</dict>
		<key>087143CA1B302029007578E2</key>
		<dict>
			<key>children</key>
			<array>
				<string>087143A51B301F97007578E2</string>
				<string>087143A61B301F97007578E2</string>
				<string>087143A71B301F97007578E2</string>
			</array>
			<key>isa</key>
			<string>PBXGroup</string>
			<key>name</key>
			<string>NavigationBar</string>
			<key>path</key>
			<string>NavigationBar</string>
			<key>sourceTree</key>
			<string>&lt;group&gt;</string>
		</dict>
		<key>087143CB1B30221D007578E2</key>
		<dict>
			<key>fileEncoding</key>
			<string>4</string>
			<key>isa</key>
			<string>PBXFileReference</string>
			<key>lastKnownFileType</key>
			<string>sourcecode.c.h</string>
			<key>path</key>
			<string>NSNumber+DefiniteDelayInSeconds.h</string>
			<key>sourceTree</key>
			<string>&lt;group&gt;</string>
		</dict>
		<key>087143CC1B30221D007578E2</key>
		<dict>
			<key>fileEncoding</key>
			<string>4</string>
			<key>isa</key>
			<string>PBXFileReference</string>
			<key>lastKnownFileType</key>
			<string>sourcecode.c.objc</string>
			<key>path</key>
			<string>NSNumber+DefiniteDelayInSeconds.m</string>
			<key>sourceTree</key>
			<string>&lt;group&gt;</string>
		</dict>
		<key>087143CD1B30221D007578E2</key>
		<dict>
			<key>fileRef</key>
			<string>087143CC1B30221D007578E2</string>
			<key>isa</key>
			<string>PBXBuildFile</string>
		</dict>
		<key>087144011B302F42007578E2</key>
		<dict>
			<key>children</key>
			<array>
				<string>087143CB1B30221D007578E2</string>
				<string>087143CC1B30221D007578E2</string>
			</array>
			<key>isa</key>
			<string>PBXGroup</string>
			<key>name</key>
			<string>Category</string>
			<key>path</key>
			<string>Category</string>
			<key>sourceTree</key>
			<string>&lt;group&gt;</string>
		</dict>
		<key>194CC93D1B18E82600FFBE80</key>
		<dict>
			<key>children</key>
			<array>
				<string>194CC9481B18E82600FFBE80</string>
				<string>194CC9651B18E82600FFBE80</string>
				<string>194CC9471B18E82600FFBE80</string>
			</array>
			<key>isa</key>
			<string>PBXGroup</string>
			<key>sourceTree</key>
			<string>&lt;group&gt;</string>
		</dict>
		<key>194CC93E1B18E82600FFBE80</key>
		<dict>
			<key>attributes</key>
			<dict>
				<key>LastUpgradeCheck</key>
				<string>0630</string>
				<key>ORGANIZATIONNAME</key>
				<string>Alexander Sergienko</string>
				<key>TargetAttributes</key>
				<dict>
					<key>194CC9451B18E82600FFBE80</key>
					<dict>
						<key>CreatedOnToolsVersion</key>
						<string>6.3.2</string>
					</dict>
					<key>194CC9611B18E82600FFBE80</key>
					<dict>
						<key>CreatedOnToolsVersion</key>
						<string>6.3.2</string>
						<key>TestTargetID</key>
						<string>194CC9451B18E82600FFBE80</string>
					</dict>
				</dict>
			</dict>
			<key>buildConfigurationList</key>
			<string>194CC9411B18E82600FFBE80</string>
			<key>compatibilityVersion</key>
			<string>Xcode 3.2</string>
			<key>developmentRegion</key>
			<string>English</string>
			<key>hasScannedForEncodings</key>
			<string>0</string>
			<key>isa</key>
			<string>PBXProject</string>
			<key>knownRegions</key>
			<array>
				<string>en</string>
				<string>Base</string>
			</array>
			<key>mainGroup</key>
			<string>194CC93D1B18E82600FFBE80</string>
			<key>productRefGroup</key>
			<string>194CC9471B18E82600FFBE80</string>
			<key>projectDirPath</key>
			<string></string>
			<key>projectReferences</key>
			<array/>
			<key>projectRoot</key>
			<string></string>
			<key>targets</key>
			<array>
				<string>194CC9451B18E82600FFBE80</string>
				<string>194CC9611B18E82600FFBE80</string>
			</array>
		</dict>
		<key>194CC9411B18E82600FFBE80</key>
		<dict>
			<key>buildConfigurations</key>
			<array>
				<string>194CC96A1B18E82600FFBE80</string>
				<string>194CC96B1B18E82600FFBE80</string>
			</array>
			<key>defaultConfigurationIsVisible</key>
			<string>0</string>
			<key>defaultConfigurationName</key>
			<string>Release</string>
			<key>isa</key>
			<string>XCConfigurationList</string>
		</dict>
		<key>194CC9421B18E82600FFBE80</key>
		<dict>
			<key>buildActionMask</key>
			<string>2147483647</string>
			<key>files</key>
			<array>
				<string>087143CD1B30221D007578E2</string>
				<string>194CC94F1B18E82600FFBE80</string>
				<string>194CC94C1B18E82600FFBE80</string>
				<string>194CC9551B18E82600FFBE80</string>
				<string>195A6CF91B1973B300D0254F</string>
				<string>087143721B300A93007578E2</string>
				<string>195A6CF61B1971C800D0254F</string>
				<string>195A6CF31B19710300D0254F</string>
				<string>194CC9521B18E82600FFBE80</string>
				<string>195A6CFD1B19A49400D0254F</string>
			</array>
			<key>isa</key>
			<string>PBXSourcesBuildPhase</string>
			<key>runOnlyForDeploymentPostprocessing</key>
			<string>0</string>
		</dict>
		<key>194CC9431B18E82600FFBE80</key>
		<dict>
			<key>buildActionMask</key>
			<string>2147483647</string>
			<key>files</key>
			<array/>
			<key>isa</key>
			<string>PBXFrameworksBuildPhase</string>
			<key>runOnlyForDeploymentPostprocessing</key>
			<string>0</string>
		</dict>
		<key>194CC9441B18E82600FFBE80</key>
		<dict>
			<key>buildActionMask</key>
			<string>2147483647</string>
			<key>files</key>
			<array>
				<string>194CC9581B18E82600FFBE80</string>
				<string>087143AC1B301F97007578E2</string>
				<string>087143AA1B301F97007578E2</string>
				<string>087143C11B301F97007578E2</string>
				<string>194CC95D1B18E82600FFBE80</string>
				<string>087143BA1B301F97007578E2</string>
				<string>087143BE1B301F97007578E2</string>
				<string>087143BB1B301F97007578E2</string>
				<string>087143AB1B301F97007578E2</string>
				<string>087143B31B301F97007578E2</string>
				<string>087143C41B301F97007578E2</string>
				<string>087143BC1B301F97007578E2</string>
				<string>087143C01B301F97007578E2</string>
				<string>087143C61B301F97007578E2</string>
				<string>087143C31B301F97007578E2</string>
				<string>087143B81B301F97007578E2</string>
				<string>194CC95A1B18E82600FFBE80</string>
				<string>087143BF1B301F97007578E2</string>
				<string>087143A81B301F97007578E2</string>
				<string>087143A91B301F97007578E2</string>
				<string>087143B41B301F97007578E2</string>
				<string>087143B71B301F97007578E2</string>
				<string>087143C21B301F97007578E2</string>
				<string>087143B11B301F97007578E2</string>
				<string>087143AE1B301F97007578E2</string>
				<string>087143AD1B301F97007578E2</string>
				<string>087143C51B301F97007578E2</string>
			</array>
			<key>isa</key>
			<string>PBXResourcesBuildPhase</string>
			<key>runOnlyForDeploymentPostprocessing</key>
			<string>0</string>
		</dict>
		<key>194CC9451B18E82600FFBE80</key>
		<dict>
			<key>buildConfigurationList</key>
			<string>194CC96C1B18E82600FFBE80</string>
			<key>buildPhases</key>
			<array>
				<string>194CC9421B18E82600FFBE80</string>
				<string>194CC9431B18E82600FFBE80</string>
				<string>194CC9441B18E82600FFBE80</string>
			</array>
			<key>buildRules</key>
			<array/>
			<key>dependencies</key>
			<array/>
			<key>isa</key>
			<string>PBXNativeTarget</string>
			<key>name</key>
			<string>ImageSender</string>
			<key>productName</key>
			<string>ImageSender</string>
			<key>productReference</key>
			<string>194CC9461B18E82600FFBE80</string>
			<key>productType</key>
			<string>com.apple.product-type.application</string>
		</dict>
		<key>194CC9461B18E82600FFBE80</key>
		<dict>
			<key>explicitFileType</key>
			<string>wrapper.application</string>
			<key>includeInIndex</key>
			<string>0</string>
			<key>isa</key>
			<string>PBXFileReference</string>
			<key>path</key>
			<string>ImageSender.app</string>
			<key>sourceTree</key>
			<string>BUILT_PRODUCTS_DIR</string>
		</dict>
		<key>194CC9471B18E82600FFBE80</key>
		<dict>
			<key>children</key>
			<array>
				<string>194CC9461B18E82600FFBE80</string>
				<string>194CC9621B18E82600FFBE80</string>
			</array>
			<key>isa</key>
			<string>PBXGroup</string>
			<key>name</key>
			<string>Products</string>
			<key>sourceTree</key>
			<string>&lt;group&gt;</string>
		</dict>
		<key>194CC9481B18E82600FFBE80</key>
		<dict>
			<key>children</key>
			<array>
				<string>194CC94D1B18E82600FFBE80</string>
				<string>194CC94E1B18E82600FFBE80</string>
				<string>194CC9531B18E82600FFBE80</string>
				<string>194CC9541B18E82600FFBE80</string>
				<string>195A6CF11B19710300D0254F</string>
				<string>195A6CF21B19710300D0254F</string>
				<string>195A6CF41B1971C800D0254F</string>
				<string>195A6CF51B1971C800D0254F</string>
				<string>087143701B300A93007578E2</string>
				<string>087143711B300A93007578E2</string>
				<string>087144011B302F42007578E2</string>
				<string>195A6CFA1B198B1200D0254F</string>
				<string>195A6CF01B196EF500D0254F</string>
				<string>087143881B301F67007578E2</string>
				<string>194CC9561B18E82600FFBE80</string>
				<string>194CC9591B18E82600FFBE80</string>
				<string>194CC95B1B18E82600FFBE80</string>
				<string>194CC9501B18E82600FFBE80</string>
				<string>194CC9491B18E82600FFBE80</string>
			</array>
			<key>isa</key>
			<string>PBXGroup</string>
			<key>path</key>
			<string>ImageSender</string>
			<key>sourceTree</key>
			<string>&lt;group&gt;</string>
		</dict>
		<key>194CC9491B18E82600FFBE80</key>
		<dict>
			<key>children</key>
			<array>
				<string>194CC94A1B18E82600FFBE80</string>
				<string>194CC94B1B18E82600FFBE80</string>
			</array>
			<key>isa</key>
			<string>PBXGroup</string>
			<key>name</key>
			<string>Supporting Files</string>
			<key>path</key>
			<string>Supporting Files</string>
			<key>sourceTree</key>
			<string>&lt;group&gt;</string>
		</dict>
		<key>194CC94A1B18E82600FFBE80</key>
		<dict>
			<key>isa</key>
			<string>PBXFileReference</string>
			<key>lastKnownFileType</key>
			<string>text.plist.xml</string>
			<key>path</key>
			<string>Info.plist</string>
			<key>sourceTree</key>
			<string>&lt;group&gt;</string>
		</dict>
		<key>194CC94B1B18E82600FFBE80</key>
		<dict>
			<key>isa</key>
			<string>PBXFileReference</string>
			<key>lastKnownFileType</key>
			<string>sourcecode.c.objc</string>
			<key>path</key>
			<string>main.m</string>
			<key>sourceTree</key>
			<string>&lt;group&gt;</string>
		</dict>
		<key>194CC94C1B18E82600FFBE80</key>
		<dict>
			<key>fileRef</key>
			<string>194CC94B1B18E82600FFBE80</string>
			<key>isa</key>
			<string>PBXBuildFile</string>
		</dict>
		<key>194CC94D1B18E82600FFBE80</key>
		<dict>
			<key>isa</key>
			<string>PBXFileReference</string>
			<key>lastKnownFileType</key>
			<string>sourcecode.c.h</string>
			<key>path</key>
			<string>AppDelegate.h</string>
			<key>sourceTree</key>
			<string>&lt;group&gt;</string>
		</dict>
		<key>194CC94E1B18E82600FFBE80</key>
		<dict>
			<key>isa</key>
			<string>PBXFileReference</string>
			<key>lastKnownFileType</key>
			<string>sourcecode.c.objc</string>
			<key>path</key>
			<string>AppDelegate.m</string>
			<key>sourceTree</key>
			<string>&lt;group&gt;</string>
		</dict>
		<key>194CC94F1B18E82600FFBE80</key>
		<dict>
			<key>fileRef</key>
			<string>194CC94E1B18E82600FFBE80</string>
			<key>isa</key>
			<string>PBXBuildFile</string>
		</dict>
		<key>194CC9501B18E82600FFBE80</key>
		<dict>
			<key>children</key>
			<array>
				<string>194CC9511B18E82600FFBE80</string>
			</array>
			<key>currentVersion</key>
			<string>194CC9511B18E82600FFBE80</string>
			<key>isa</key>
			<string>XCVersionGroup</string>
			<key>path</key>
			<string>ImageSender.xcdatamodeld</string>
			<key>sourceTree</key>
			<string>&lt;group&gt;</string>
			<key>versionGroupType</key>
			<string>wrapper.xcdatamodel</string>
		</dict>
		<key>194CC9511B18E82600FFBE80</key>
		<dict>
			<key>isa</key>
			<string>PBXFileReference</string>
			<key>lastKnownFileType</key>
			<string>wrapper.xcdatamodel</string>
			<key>path</key>
			<string>ImageSender.xcdatamodel</string>
			<key>sourceTree</key>
			<string>&lt;group&gt;</string>
		</dict>
		<key>194CC9521B18E82600FFBE80</key>
		<dict>
			<key>fileRef</key>
			<string>194CC9501B18E82600FFBE80</string>
			<key>isa</key>
			<string>PBXBuildFile</string>
		</dict>
		<key>194CC9531B18E82600FFBE80</key>
		<dict>
			<key>isa</key>
			<string>PBXFileReference</string>
			<key>lastKnownFileType</key>
			<string>sourcecode.c.h</string>
			<key>path</key>
			<string>ASLoadingScreenViewController.h</string>
			<key>sourceTree</key>
			<string>&lt;group&gt;</string>
		</dict>
		<key>194CC9541B18E82600FFBE80</key>
		<dict>
			<key>isa</key>
			<string>PBXFileReference</string>
			<key>lastKnownFileType</key>
			<string>sourcecode.c.objc</string>
			<key>path</key>
			<string>ASLoadingScreenViewController.m</string>
			<key>sourceTree</key>
			<string>&lt;group&gt;</string>
		</dict>
		<key>194CC9551B18E82600FFBE80</key>
		<dict>
			<key>fileRef</key>
			<string>194CC9541B18E82600FFBE80</string>
			<key>isa</key>
			<string>PBXBuildFile</string>
		</dict>
		<key>194CC9561B18E82600FFBE80</key>
		<dict>
			<key>children</key>
			<array>
				<string>194CC9571B18E82600FFBE80</string>
			</array>
			<key>isa</key>
			<string>PBXVariantGroup</string>
			<key>name</key>
			<string>Main.storyboard</string>
			<key>path</key>
			<string>.</string>
			<key>sourceTree</key>
			<string>&lt;group&gt;</string>
		</dict>
		<key>194CC9571B18E82600FFBE80</key>
		<dict>
			<key>isa</key>
			<string>PBXFileReference</string>
			<key>lastKnownFileType</key>
			<string>file.storyboard</string>
			<key>name</key>
			<string>Base</string>
			<key>path</key>
			<string>Base.lproj/Main.storyboard</string>
			<key>sourceTree</key>
			<string>&lt;group&gt;</string>
		</dict>
		<key>194CC9581B18E82600FFBE80</key>
		<dict>
			<key>fileRef</key>
			<string>194CC9561B18E82600FFBE80</string>
			<key>isa</key>
			<string>PBXBuildFile</string>
		</dict>
		<key>194CC9591B18E82600FFBE80</key>
		<dict>
			<key>isa</key>
			<string>PBXFileReference</string>
			<key>lastKnownFileType</key>
			<string>folder.assetcatalog</string>
			<key>path</key>
			<string>Images.xcassets</string>
			<key>sourceTree</key>
			<string>&lt;group&gt;</string>
		</dict>
		<key>194CC95A1B18E82600FFBE80</key>
		<dict>
			<key>fileRef</key>
			<string>194CC9591B18E82600FFBE80</string>
			<key>isa</key>
			<string>PBXBuildFile</string>
		</dict>
		<key>194CC95B1B18E82600FFBE80</key>
		<dict>
			<key>children</key>
			<array>
				<string>194CC95C1B18E82600FFBE80</string>
			</array>
			<key>isa</key>
			<string>PBXVariantGroup</string>
			<key>name</key>
			<string>LaunchScreen.xib</string>
			<key>path</key>
			<string>.</string>
			<key>sourceTree</key>
			<string>&lt;group&gt;</string>
		</dict>
		<key>194CC95C1B18E82600FFBE80</key>
		<dict>
			<key>isa</key>
			<string>PBXFileReference</string>
			<key>lastKnownFileType</key>
			<string>file.xib</string>
			<key>name</key>
			<string>Base</string>
			<key>path</key>
			<string>Base.lproj/LaunchScreen.xib</string>
			<key>sourceTree</key>
			<string>&lt;group&gt;</string>
		</dict>
		<key>194CC95D1B18E82600FFBE80</key>
		<dict>
			<key>fileRef</key>
			<string>194CC95B1B18E82600FFBE80</string>
			<key>isa</key>
			<string>PBXBuildFile</string>
		</dict>
		<key>194CC95E1B18E82600FFBE80</key>
		<dict>
			<key>buildActionMask</key>
			<string>2147483647</string>
			<key>files</key>
			<array>
				<string>194CC9691B18E82600FFBE80</string>
			</array>
			<key>isa</key>
			<string>PBXSourcesBuildPhase</string>
			<key>runOnlyForDeploymentPostprocessing</key>
			<string>0</string>
		</dict>
		<key>194CC95F1B18E82600FFBE80</key>
		<dict>
			<key>buildActionMask</key>
			<string>2147483647</string>
			<key>files</key>
			<array/>
			<key>isa</key>
			<string>PBXFrameworksBuildPhase</string>
			<key>runOnlyForDeploymentPostprocessing</key>
			<string>0</string>
		</dict>
		<key>194CC9601B18E82600FFBE80</key>
		<dict>
			<key>buildActionMask</key>
			<string>2147483647</string>
			<key>files</key>
			<array/>
			<key>isa</key>
			<string>PBXResourcesBuildPhase</string>
			<key>runOnlyForDeploymentPostprocessing</key>
			<string>0</string>
		</dict>
		<key>194CC9611B18E82600FFBE80</key>
		<dict>
			<key>buildConfigurationList</key>
			<string>194CC96F1B18E82600FFBE80</string>
			<key>buildPhases</key>
			<array>
				<string>194CC95E1B18E82600FFBE80</string>
				<string>194CC95F1B18E82600FFBE80</string>
				<string>194CC9601B18E82600FFBE80</string>
			</array>
			<key>buildRules</key>
			<array/>
			<key>dependencies</key>
			<array>
				<string>194CC9641B18E82600FFBE80</string>
			</array>
			<key>isa</key>
			<string>PBXNativeTarget</string>
			<key>name</key>
			<string>ImageSenderTests</string>
			<key>productName</key>
			<string>ImageSenderTests</string>
			<key>productReference</key>
			<string>194CC9621B18E82600FFBE80</string>
			<key>productType</key>
			<string>com.apple.product-type.bundle.unit-test</string>
		</dict>
		<key>194CC9621B18E82600FFBE80</key>
		<dict>
			<key>explicitFileType</key>
			<string>wrapper.cfbundle</string>
			<key>includeInIndex</key>
			<string>0</string>
			<key>isa</key>
			<string>PBXFileReference</string>
			<key>path</key>
			<string>ImageSenderTests.xctest</string>
			<key>sourceTree</key>
			<string>BUILT_PRODUCTS_DIR</string>
		</dict>
		<key>194CC9631B18E82600FFBE80</key>
		<dict>
			<key>containerPortal</key>
			<string>194CC93E1B18E82600FFBE80</string>
			<key>isa</key>
			<string>PBXContainerItemProxy</string>
			<key>proxyType</key>
			<string>1</string>
			<key>remoteGlobalIDString</key>
			<string>194CC9451B18E82600FFBE80</string>
			<key>remoteInfo</key>
			<string>ImageSender</string>
		</dict>
		<key>194CC9641B18E82600FFBE80</key>
		<dict>
			<key>isa</key>
			<string>PBXTargetDependency</string>
			<key>target</key>
			<string>194CC9451B18E82600FFBE80</string>
			<key>targetProxy</key>
			<string>194CC9631B18E82600FFBE80</string>
		</dict>
		<key>194CC9651B18E82600FFBE80</key>
		<dict>
			<key>children</key>
			<array>
				<string>194CC9681B18E82600FFBE80</string>
				<string>194CC9661B18E82600FFBE80</string>
			</array>
			<key>isa</key>
			<string>PBXGroup</string>
			<key>path</key>
			<string>ImageSenderTests</string>
			<key>sourceTree</key>
			<string>&lt;group&gt;</string>
		</dict>
		<key>194CC9661B18E82600FFBE80</key>
		<dict>
			<key>children</key>
			<array>
				<string>194CC9671B18E82600FFBE80</string>
			</array>
			<key>isa</key>
			<string>PBXGroup</string>
			<key>name</key>
			<string>Supporting Files</string>
			<key>path</key>
			<string>Supporting Files</string>
			<key>sourceTree</key>
			<string>&lt;group&gt;</string>
		</dict>
		<key>194CC9671B18E82600FFBE80</key>
		<dict>
			<key>isa</key>
			<string>PBXFileReference</string>
			<key>lastKnownFileType</key>
			<string>text.plist.xml</string>
			<key>path</key>
			<string>Info.plist</string>
			<key>sourceTree</key>
			<string>&lt;group&gt;</string>
		</dict>
		<key>194CC9681B18E82600FFBE80</key>
		<dict>
			<key>isa</key>
			<string>PBXFileReference</string>
			<key>lastKnownFileType</key>
			<string>sourcecode.c.objc</string>
			<key>path</key>
			<string>ImageSenderTests.m</string>
			<key>sourceTree</key>
			<string>&lt;group&gt;</string>
		</dict>
		<key>194CC9691B18E82600FFBE80</key>
		<dict>
			<key>fileRef</key>
			<string>194CC9681B18E82600FFBE80</string>
			<key>isa</key>
			<string>PBXBuildFile</string>
		</dict>
		<key>194CC96A1B18E82600FFBE80</key>
		<dict>
			<key>buildSettings</key>
			<dict>
				<key>ALWAYS_SEARCH_USER_PATHS</key>
				<string>NO</string>
				<key>CLANG_CXX_LANGUAGE_STANDARD</key>
				<string>gnu++0x</string>
				<key>CLANG_CXX_LIBRARY</key>
				<string>libc++</string>
				<key>CLANG_ENABLE_MODULES</key>
				<string>YES</string>
				<key>CLANG_ENABLE_OBJC_ARC</key>
				<string>YES</string>
				<key>CLANG_WARN_BOOL_CONVERSION</key>
				<string>YES</string>
				<key>CLANG_WARN_CONSTANT_CONVERSION</key>
				<string>YES</string>
				<key>CLANG_WARN_DIRECT_OBJC_ISA_USAGE</key>
				<string>YES_ERROR</string>
				<key>CLANG_WARN_EMPTY_BODY</key>
				<string>YES</string>
				<key>CLANG_WARN_ENUM_CONVERSION</key>
				<string>YES</string>
				<key>CLANG_WARN_INT_CONVERSION</key>
				<string>YES</string>
				<key>CLANG_WARN_OBJC_ROOT_CLASS</key>
				<string>YES_ERROR</string>
				<key>CLANG_WARN_UNREACHABLE_CODE</key>
				<string>YES</string>
				<key>CLANG_WARN__DUPLICATE_METHOD_MATCH</key>
				<string>YES</string>
				<key>CODE_SIGN_IDENTITY[sdk=iphoneos*]</key>
				<string>iPhone Developer</string>
				<key>COPY_PHASE_STRIP</key>
				<string>NO</string>
				<key>DEBUG_INFORMATION_FORMAT</key>
				<string>dwarf-with-dsym</string>
				<key>ENABLE_STRICT_OBJC_MSGSEND</key>
				<string>YES</string>
				<key>GCC_C_LANGUAGE_STANDARD</key>
				<string>gnu99</string>
				<key>GCC_DYNAMIC_NO_PIC</key>
				<string>NO</string>
				<key>GCC_NO_COMMON_BLOCKS</key>
				<string>YES</string>
				<key>GCC_OPTIMIZATION_LEVEL</key>
				<string>0</string>
				<key>GCC_PREPROCESSOR_DEFINITIONS</key>
				<array>
					<string>DEBUG=1</string>
					<string>$(inherited)</string>
				</array>
				<key>GCC_SYMBOLS_PRIVATE_EXTERN</key>
				<string>NO</string>
				<key>GCC_WARN_64_TO_32_BIT_CONVERSION</key>
				<string>YES</string>
				<key>GCC_WARN_ABOUT_RETURN_TYPE</key>
				<string>YES_ERROR</string>
				<key>GCC_WARN_UNDECLARED_SELECTOR</key>
				<string>YES</string>
				<key>GCC_WARN_UNINITIALIZED_AUTOS</key>
				<string>YES_AGGRESSIVE</string>
				<key>GCC_WARN_UNUSED_FUNCTION</key>
				<string>YES</string>
				<key>GCC_WARN_UNUSED_VARIABLE</key>
				<string>YES</string>
				<key>IPHONEOS_DEPLOYMENT_TARGET</key>
				<string>8.3</string>
				<key>MTL_ENABLE_DEBUG_INFO</key>
				<string>YES</string>
				<key>ONLY_ACTIVE_ARCH</key>
				<string>YES</string>
				<key>SDKROOT</key>
				<string>iphoneos</string>
				<key>TARGETED_DEVICE_FAMILY</key>
				<string>1,2</string>
			</dict>
			<key>isa</key>
			<string>XCBuildConfiguration</string>
			<key>name</key>
			<string>Debug</string>
		</dict>
		<key>194CC96B1B18E82600FFBE80</key>
		<dict>
			<key>buildSettings</key>
			<dict>
				<key>ALWAYS_SEARCH_USER_PATHS</key>
				<string>NO</string>
				<key>CLANG_CXX_LANGUAGE_STANDARD</key>
				<string>gnu++0x</string>
				<key>CLANG_CXX_LIBRARY</key>
				<string>libc++</string>
				<key>CLANG_ENABLE_MODULES</key>
				<string>YES</string>
				<key>CLANG_ENABLE_OBJC_ARC</key>
				<string>YES</string>
				<key>CLANG_WARN_BOOL_CONVERSION</key>
				<string>YES</string>
				<key>CLANG_WARN_CONSTANT_CONVERSION</key>
				<string>YES</string>
				<key>CLANG_WARN_DIRECT_OBJC_ISA_USAGE</key>
				<string>YES_ERROR</string>
				<key>CLANG_WARN_EMPTY_BODY</key>
				<string>YES</string>
				<key>CLANG_WARN_ENUM_CONVERSION</key>
				<string>YES</string>
				<key>CLANG_WARN_INT_CONVERSION</key>
				<string>YES</string>
				<key>CLANG_WARN_OBJC_ROOT_CLASS</key>
				<string>YES_ERROR</string>
				<key>CLANG_WARN_UNREACHABLE_CODE</key>
				<string>YES</string>
				<key>CLANG_WARN__DUPLICATE_METHOD_MATCH</key>
				<string>YES</string>
				<key>CODE_SIGN_IDENTITY[sdk=iphoneos*]</key>
				<string>iPhone Developer</string>
				<key>COPY_PHASE_STRIP</key>
				<string>NO</string>
				<key>DEBUG_INFORMATION_FORMAT</key>
				<string>dwarf-with-dsym</string>
				<key>ENABLE_NS_ASSERTIONS</key>
				<string>NO</string>
				<key>ENABLE_STRICT_OBJC_MSGSEND</key>
				<string>YES</string>
				<key>GCC_C_LANGUAGE_STANDARD</key>
				<string>gnu99</string>
				<key>GCC_NO_COMMON_BLOCKS</key>
				<string>YES</string>
				<key>GCC_WARN_64_TO_32_BIT_CONVERSION</key>
				<string>YES</string>
				<key>GCC_WARN_ABOUT_RETURN_TYPE</key>
				<string>YES_ERROR</string>
				<key>GCC_WARN_UNDECLARED_SELECTOR</key>
				<string>YES</string>
				<key>GCC_WARN_UNINITIALIZED_AUTOS</key>
				<string>YES_AGGRESSIVE</string>
				<key>GCC_WARN_UNUSED_FUNCTION</key>
				<string>YES</string>
				<key>GCC_WARN_UNUSED_VARIABLE</key>
				<string>YES</string>
				<key>IPHONEOS_DEPLOYMENT_TARGET</key>
				<string>8.3</string>
				<key>MTL_ENABLE_DEBUG_INFO</key>
				<string>NO</string>
				<key>SDKROOT</key>
				<string>iphoneos</string>
				<key>TARGETED_DEVICE_FAMILY</key>
				<string>1,2</string>
				<key>VALIDATE_PRODUCT</key>
				<string>YES</string>
			</dict>
			<key>isa</key>
			<string>XCBuildConfiguration</string>
			<key>name</key>
			<string>Release</string>
		</dict>
		<key>194CC96C1B18E82600FFBE80</key>
		<dict>
			<key>buildConfigurations</key>
			<array>
				<string>194CC96D1B18E82600FFBE80</string>
				<string>194CC96E1B18E82600FFBE80</string>
			</array>
			<key>defaultConfigurationIsVisible</key>
			<string>0</string>
			<key>defaultConfigurationName</key>
			<string>Release</string>
			<key>isa</key>
			<string>XCConfigurationList</string>
		</dict>
		<key>194CC96D1B18E82600FFBE80</key>
		<dict>
			<key>buildSettings</key>
			<dict>
				<key>ASSETCATALOG_COMPILER_APPICON_NAME</key>
				<string>AppIcon</string>
				<key>INFOPLIST_FILE</key>
				<string>ImageSender/Supporting Files/Info.plist</string>
				<key>LD_RUNPATH_SEARCH_PATHS</key>
				<string>$(inherited) @executable_path/Frameworks</string>
				<key>PRODUCT_NAME</key>
				<string>$(TARGET_NAME)</string>
			</dict>
			<key>isa</key>
			<string>XCBuildConfiguration</string>
			<key>name</key>
			<string>Debug</string>
		</dict>
		<key>194CC96E1B18E82600FFBE80</key>
		<dict>
			<key>buildSettings</key>
			<dict>
				<key>ASSETCATALOG_COMPILER_APPICON_NAME</key>
				<string>AppIcon</string>
				<key>INFOPLIST_FILE</key>
				<string>ImageSender/Supporting Files/Info.plist</string>
				<key>LD_RUNPATH_SEARCH_PATHS</key>
				<string>$(inherited) @executable_path/Frameworks</string>
				<key>PRODUCT_NAME</key>
				<string>$(TARGET_NAME)</string>
			</dict>
			<key>isa</key>
			<string>XCBuildConfiguration</string>
			<key>name</key>
			<string>Release</string>
		</dict>
		<key>194CC96F1B18E82600FFBE80</key>
		<dict>
			<key>buildConfigurations</key>
			<array>
				<string>194CC9701B18E82600FFBE80</string>
				<string>194CC9711B18E82600FFBE80</string>
			</array>
			<key>defaultConfigurationIsVisible</key>
			<string>0</string>
			<key>defaultConfigurationName</key>
			<string>Release</string>
			<key>isa</key>
			<string>XCConfigurationList</string>
		</dict>
		<key>194CC9701B18E82600FFBE80</key>
		<dict>
			<key>buildSettings</key>
			<dict>
				<key>BUNDLE_LOADER</key>
				<string>$(TEST_HOST)</string>
				<key>FRAMEWORK_SEARCH_PATHS</key>
				<array>
					<string>$(SDKROOT)/Developer/Library/Frameworks</string>
					<string>$(inherited)</string>
				</array>
				<key>GCC_PREPROCESSOR_DEFINITIONS</key>
				<array>
					<string>DEBUG=1</string>
					<string>$(inherited)</string>
				</array>
				<key>INFOPLIST_FILE</key>
				<string>ImageSenderTests/Supporting Files/Info.plist</string>
				<key>LD_RUNPATH_SEARCH_PATHS</key>
				<string>$(inherited) @executable_path/Frameworks @loader_path/Frameworks</string>
				<key>PRODUCT_NAME</key>
				<string>$(TARGET_NAME)</string>
				<key>TEST_HOST</key>
				<string>$(BUILT_PRODUCTS_DIR)/ImageSender.app/ImageSender</string>
			</dict>
			<key>isa</key>
			<string>XCBuildConfiguration</string>
			<key>name</key>
			<string>Debug</string>
		</dict>
		<key>194CC9711B18E82600FFBE80</key>
		<dict>
			<key>buildSettings</key>
			<dict>
				<key>BUNDLE_LOADER</key>
				<string>$(TEST_HOST)</string>
				<key>FRAMEWORK_SEARCH_PATHS</key>
				<array>
					<string>$(SDKROOT)/Developer/Library/Frameworks</string>
					<string>$(inherited)</string>
				</array>
				<key>INFOPLIST_FILE</key>
				<string>ImageSenderTests/Supporting Files/Info.plist</string>
				<key>LD_RUNPATH_SEARCH_PATHS</key>
				<string>$(inherited) @executable_path/Frameworks @loader_path/Frameworks</string>
				<key>PRODUCT_NAME</key>
				<string>$(TARGET_NAME)</string>
				<key>TEST_HOST</key>
				<string>$(BUILT_PRODUCTS_DIR)/ImageSender.app/ImageSender</string>
			</dict>
			<key>isa</key>
			<string>XCBuildConfiguration</string>
			<key>name</key>
			<string>Release</string>
		</dict>
		<key>195A6CF01B196EF500D0254F</key>
		<dict>
			<key>children</key>
			<array>
				<string>195A6CFB1B19A49400D0254F</string>
				<string>195A6CFC1B19A49400D0254F</string>
			</array>
			<key>isa</key>
			<string>PBXGroup</string>
			<key>name</key>
			<string>Model</string>
			<key>path</key>
			<string>Model</string>
			<key>sourceTree</key>
			<string>&lt;group&gt;</string>
		</dict>
		<key>195A6CF11B19710300D0254F</key>
		<dict>
			<key>fileEncoding</key>
			<string>4</string>
			<key>isa</key>
			<string>PBXFileReference</string>
			<key>lastKnownFileType</key>
			<string>sourcecode.c.h</string>
			<key>path</key>
			<string>ASDraftsAndMesagesViewController.h</string>
			<key>sourceTree</key>
			<string>&lt;group&gt;</string>
		</dict>
		<key>195A6CF21B19710300D0254F</key>
		<dict>
			<key>fileEncoding</key>
			<string>4</string>
			<key>isa</key>
			<string>PBXFileReference</string>
			<key>lastKnownFileType</key>
			<string>sourcecode.c.objc</string>
			<key>path</key>
			<string>ASDraftsAndMesagesViewController.m</string>
			<key>sourceTree</key>
			<string>&lt;group&gt;</string>
		</dict>
		<key>195A6CF31B19710300D0254F</key>
		<dict>
			<key>fileRef</key>
			<string>195A6CF21B19710300D0254F</string>
			<key>isa</key>
			<string>PBXBuildFile</string>
		</dict>
		<key>195A6CF41B1971C800D0254F</key>
		<dict>
			<key>fileEncoding</key>
			<string>4</string>
			<key>isa</key>
			<string>PBXFileReference</string>
			<key>lastKnownFileType</key>
			<string>sourcecode.c.h</string>
			<key>path</key>
			<string>ASShareViewController.h</string>
			<key>sourceTree</key>
			<string>&lt;group&gt;</string>
		</dict>
		<key>195A6CF51B1971C800D0254F</key>
		<dict>
			<key>fileEncoding</key>
			<string>4</string>
			<key>isa</key>
			<string>PBXFileReference</string>
			<key>lastKnownFileType</key>
			<string>sourcecode.c.objc</string>
			<key>path</key>
			<string>ASShareViewController.m</string>
			<key>sourceTree</key>
			<string>&lt;group&gt;</string>
		</dict>
		<key>195A6CF61B1971C800D0254F</key>
		<dict>
			<key>fileRef</key>
			<string>195A6CF51B1971C800D0254F</string>
			<key>isa</key>
			<string>PBXBuildFile</string>
		</dict>
		<key>195A6CF71B1973B300D0254F</key>
		<dict>
			<key>fileEncoding</key>
			<string>4</string>
			<key>isa</key>
			<string>PBXFileReference</string>
			<key>lastKnownFileType</key>
			<string>sourcecode.c.h</string>
			<key>path</key>
			<string>ASMessageInfoCell.h</string>
			<key>sourceTree</key>
			<string>&lt;group&gt;</string>
		</dict>
		<key>195A6CF81B1973B300D0254F</key>
		<dict>
			<key>fileEncoding</key>
			<string>4</string>
			<key>isa</key>
			<string>PBXFileReference</string>
			<key>lastKnownFileType</key>
			<string>sourcecode.c.objc</string>
			<key>path</key>
			<string>ASMessageInfoCell.m</string>
			<key>sourceTree</key>
			<string>&lt;group&gt;</string>
		</dict>
		<key>195A6CF91B1973B300D0254F</key>
		<dict>
			<key>fileRef</key>
			<string>195A6CF81B1973B300D0254F</string>
			<key>isa</key>
			<string>PBXBuildFile</string>
		</dict>
		<key>195A6CFA1B198B1200D0254F</key>
		<dict>
			<key>children</key>
			<array>
				<string>195A6CF71B1973B300D0254F</string>
				<string>195A6CF81B1973B300D0254F</string>
			</array>
			<key>isa</key>
			<string>PBXGroup</string>
			<key>name</key>
			<string>Cell Custom</string>
			<key>path</key>
			<string>Cell Custom</string>
			<key>sourceTree</key>
			<string>&lt;group&gt;</string>
		</dict>
		<key>195A6CFB1B19A49400D0254F</key>
		<dict>
			<key>fileEncoding</key>
			<string>4</string>
			<key>isa</key>
			<string>PBXFileReference</string>
			<key>lastKnownFileType</key>
			<string>sourcecode.c.h</string>
			<key>path</key>
			<string>ASMessage.h</string>
			<key>sourceTree</key>
			<string>&lt;group&gt;</string>
		</dict>
		<key>195A6CFC1B19A49400D0254F</key>
		<dict>
			<key>fileEncoding</key>
			<string>4</string>
			<key>isa</key>
			<string>PBXFileReference</string>
			<key>lastKnownFileType</key>
			<string>sourcecode.c.objc</string>
			<key>path</key>
			<string>ASMessage.m</string>
			<key>sourceTree</key>
			<string>&lt;group&gt;</string>
		</dict>
		<key>195A6CFD1B19A49400D0254F</key>
		<dict>
			<key>fileRef</key>
			<string>195A6CFC1B19A49400D0254F</string>
			<key>isa</key>
			<string>PBXBuildFile</string>
		</dict>
	</dict>
	<key>rootObject</key>
	<string>194CC93E1B18E82600FFBE80</string>
</dict>
</plist>
